// !$*UTF8*$!
{
	archiveVersion = 1;
	classes = {
	};
	objectVersion = 55;
	objects = {

/* Begin PBXBuildFile section */
		B40184982705AB8A001D4442 /* AppDelegate.swift in Sources */ = {isa = PBXBuildFile; fileRef = B40184972705AB8A001D4442 /* AppDelegate.swift */; };
		B401849C2705AB8A001D4442 /* ViewController.swift in Sources */ = {isa = PBXBuildFile; fileRef = B401849B2705AB8A001D4442 /* ViewController.swift */; };
		B401849F2705AB8A001D4442 /* Main.storyboard in Resources */ = {isa = PBXBuildFile; fileRef = B401849D2705AB8A001D4442 /* Main.storyboard */; };
		B40184A12705AB8D001D4442 /* Assets.xcassets in Resources */ = {isa = PBXBuildFile; fileRef = B40184A02705AB8D001D4442 /* Assets.xcassets */; };
		B40184A42705AB8D001D4442 /* LaunchScreen.storyboard in Resources */ = {isa = PBXBuildFile; fileRef = B40184A22705AB8D001D4442 /* LaunchScreen.storyboard */; };
		B40184AF2705AB8D001D4442 /* DOuYUaPPTests.swift in Sources */ = {isa = PBXBuildFile; fileRef = B40184AE2705AB8D001D4442 /* DOuYUaPPTests.swift */; };
		B40184B92705AB8E001D4442 /* DOuYUaPPUITests.swift in Sources */ = {isa = PBXBuildFile; fileRef = B40184B82705AB8E001D4442 /* DOuYUaPPUITests.swift */; };
		B40184BB2705AB8E001D4442 /* DOuYUaPPUITestsLaunchTests.swift in Sources */ = {isa = PBXBuildFile; fileRef = B40184BA2705AB8E001D4442 /* DOuYUaPPUITestsLaunchTests.swift */; };
		B40184C82705BF48001D4442 /* SceneDelegate.swift in Sources */ = {isa = PBXBuildFile; fileRef = B40184C72705BF48001D4442 /* SceneDelegate.swift */; };
		B40184CB27080163001D4442 /* Living.storyboard in Resources */ = {isa = PBXBuildFile; fileRef = B40184C927080163001D4442 /* Living.storyboard */; };
		B40184CD27080180001D4442 /* Home.storyboard in Resources */ = {isa = PBXBuildFile; fileRef = B40184CC27080180001D4442 /* Home.storyboard */; };
		B40184D02708019E001D4442 /* Focus.storyboard in Resources */ = {isa = PBXBuildFile; fileRef = B40184CE2708019E001D4442 /* Focus.storyboard */; };
		B40184D2270801B8001D4442 /* Mine.storyboard in Resources */ = {isa = PBXBuildFile; fileRef = B40184D1270801B8001D4442 /* Mine.storyboard */; };
/* End PBXBuildFile section */

/* Begin PBXContainerItemProxy section */
		B40184AB2705AB8D001D4442 /* PBXContainerItemProxy */ = {
			isa = PBXContainerItemProxy;
			containerPortal = B401848C2705AB8A001D4442 /* Project object */;
			proxyType = 1;
			remoteGlobalIDString = B40184932705AB8A001D4442;
			remoteInfo = DOuYUaPP;
		};
		B40184B52705AB8D001D4442 /* PBXContainerItemProxy */ = {
			isa = PBXContainerItemProxy;
			containerPortal = B401848C2705AB8A001D4442 /* Project object */;
			proxyType = 1;
			remoteGlobalIDString = B40184932705AB8A001D4442;
			remoteInfo = DOuYUaPP;
		};
/* End PBXContainerItemProxy section */

/* Begin PBXFileReference section */
		B40184942705AB8A001D4442 /* DOuYUaPP.app */ = {isa = PBXFileReference; explicitFileType = wrapper.application; includeInIndex = 0; path = DOuYUaPP.app; sourceTree = BUILT_PRODUCTS_DIR; };
		B40184972705AB8A001D4442 /* AppDelegate.swift */ = {isa = PBXFileReference; lastKnownFileType = sourcecode.swift; path = AppDelegate.swift; sourceTree = "<group>"; };
		B401849B2705AB8A001D4442 /* ViewController.swift */ = {isa = PBXFileReference; lastKnownFileType = sourcecode.swift; path = ViewController.swift; sourceTree = "<group>"; };
		B401849E2705AB8A001D4442 /* Base */ = {isa = PBXFileReference; lastKnownFileType = file.storyboard; name = Base; path = Base.lproj/Main.storyboard; sourceTree = "<group>"; };
		B40184A02705AB8D001D4442 /* Assets.xcassets */ = {isa = PBXFileReference; lastKnownFileType = folder.assetcatalog; path = Assets.xcassets; sourceTree = "<group>"; };
		B40184A32705AB8D001D4442 /* Base */ = {isa = PBXFileReference; lastKnownFileType = file.storyboard; name = Base; path = Base.lproj/LaunchScreen.storyboard; sourceTree = "<group>"; };
		B40184A52705AB8D001D4442 /* Info.plist */ = {isa = PBXFileReference; lastKnownFileType = text.plist.xml; path = Info.plist; sourceTree = "<group>"; };
		B40184AA2705AB8D001D4442 /* DOuYUaPPTests.xctest */ = {isa = PBXFileReference; explicitFileType = wrapper.cfbundle; includeInIndex = 0; path = DOuYUaPPTests.xctest; sourceTree = BUILT_PRODUCTS_DIR; };
		B40184AE2705AB8D001D4442 /* DOuYUaPPTests.swift */ = {isa = PBXFileReference; lastKnownFileType = sourcecode.swift; path = DOuYUaPPTests.swift; sourceTree = "<group>"; };
		B40184B42705AB8D001D4442 /* DOuYUaPPUITests.xctest */ = {isa = PBXFileReference; explicitFileType = wrapper.cfbundle; includeInIndex = 0; path = DOuYUaPPUITests.xctest; sourceTree = BUILT_PRODUCTS_DIR; };
		B40184B82705AB8E001D4442 /* DOuYUaPPUITests.swift */ = {isa = PBXFileReference; lastKnownFileType = sourcecode.swift; path = DOuYUaPPUITests.swift; sourceTree = "<group>"; };
		B40184BA2705AB8E001D4442 /* DOuYUaPPUITestsLaunchTests.swift */ = {isa = PBXFileReference; lastKnownFileType = sourcecode.swift; path = DOuYUaPPUITestsLaunchTests.swift; sourceTree = "<group>"; };
		B40184C72705BF48001D4442 /* SceneDelegate.swift */ = {isa = PBXFileReference; fileEncoding = 4; lastKnownFileType = sourcecode.swift; path = SceneDelegate.swift; sourceTree = "<group>"; };
		B40184CA27080163001D4442 /* Base */ = {isa = PBXFileReference; lastKnownFileType = file.storyboard; name = Base; path = DOuYUaPP/Base.lproj/Living.storyboard; sourceTree = "<group>"; };
		B40184CC27080180001D4442 /* Home.storyboard */ = {isa = PBXFileReference; fileEncoding = 4; lastKnownFileType = file.storyboard; path = Home.storyboard; sourceTree = "<group>"; };
		B40184CF2708019E001D4442 /* Base */ = {isa = PBXFileReference; lastKnownFileType = file.storyboard; name = Base; path = DOuYUaPP/Base.lproj/Focus.storyboard; sourceTree = "<group>"; };
		B40184D1270801B8001D4442 /* Mine.storyboard */ = {isa = PBXFileReference; fileEncoding = 4; lastKnownFileType = file.storyboard; path = Mine.storyboard; sourceTree = "<group>"; };
/* End PBXFileReference section */

/* Begin PBXFrameworksBuildPhase section */
		B40184912705AB8A001D4442 /* Frameworks */ = {
			isa = PBXFrameworksBuildPhase;
			buildActionMask = 2147483647;
			files = (
			);
			runOnlyForDeploymentPostprocessing = 0;
		};
		B40184A72705AB8D001D4442 /* Frameworks */ = {
			isa = PBXFrameworksBuildPhase;
			buildActionMask = 2147483647;
			files = (
			);
			runOnlyForDeploymentPostprocessing = 0;
		};
		B40184B12705AB8D001D4442 /* Frameworks */ = {
			isa = PBXFrameworksBuildPhase;
			buildActionMask = 2147483647;
			files = (
			);
			runOnlyForDeploymentPostprocessing = 0;
		};
/* End PBXFrameworksBuildPhase section */

/* Begin PBXGroup section */
		B401848B2705AB8A001D4442 = {
			isa = PBXGroup;
			children = (
				B40184D1270801B8001D4442 /* Mine.storyboard */,
				B40184CE2708019E001D4442 /* Focus.storyboard */,
				B40184CC27080180001D4442 /* Home.storyboard */,
				B40184C927080163001D4442 /* Living.storyboard */,
				B40184962705AB8A001D4442 /* DOuYUaPP */,
				B40184AD2705AB8D001D4442 /* DOuYUaPPTests */,
				B40184B72705AB8D001D4442 /* DOuYUaPPUITests */,
				B40184952705AB8A001D4442 /* Products */,
			);
			sourceTree = "<group>";
		};
		B40184952705AB8A001D4442 /* Products */ = {
			isa = PBXGroup;
			children = (
				B40184942705AB8A001D4442 /* DOuYUaPP.app */,
				B40184AA2705AB8D001D4442 /* DOuYUaPPTests.xctest */,
				B40184B42705AB8D001D4442 /* DOuYUaPPUITests.xctest */,
			);
			name = Products;
			sourceTree = "<group>";
		};
		B40184962705AB8A001D4442 /* DOuYUaPP */ = {
			isa = PBXGroup;
			children = (
				B40184972705AB8A001D4442 /* AppDelegate.swift */,
				B401849B2705AB8A001D4442 /* ViewController.swift */,
				B40184C72705BF48001D4442 /* SceneDelegate.swift */,
				B401849D2705AB8A001D4442 /* Main.storyboard */,
				B40184A02705AB8D001D4442 /* Assets.xcassets */,
				B40184A22705AB8D001D4442 /* LaunchScreen.storyboard */,
				B40184A52705AB8D001D4442 /* Info.plist */,
			);
			path = DOuYUaPP;
			sourceTree = "<group>";
		};
		B40184AD2705AB8D001D4442 /* DOuYUaPPTests */ = {
			isa = PBXGroup;
			children = (
				B40184AE2705AB8D001D4442 /* DOuYUaPPTests.swift */,
			);
			path = DOuYUaPPTests;
			sourceTree = "<group>";
		};
		B40184B72705AB8D001D4442 /* DOuYUaPPUITests */ = {
			isa = PBXGroup;
			children = (
				B40184B82705AB8E001D4442 /* DOuYUaPPUITests.swift */,
				B40184BA2705AB8E001D4442 /* DOuYUaPPUITestsLaunchTests.swift */,
			);
			path = DOuYUaPPUITests;
			sourceTree = "<group>";
		};
/* End PBXGroup section */

/* Begin PBXNativeTarget section */
		B40184932705AB8A001D4442 /* DOuYUaPP */ = {
			isa = PBXNativeTarget;
			buildConfigurationList = B40184BE2705AB8E001D4442 /* Build configuration list for PBXNativeTarget "DOuYUaPP" */;
			buildPhases = (
				B40184902705AB8A001D4442 /* Sources */,
				B40184912705AB8A001D4442 /* Frameworks */,
				B40184922705AB8A001D4442 /* Resources */,
			);
			buildRules = (
			);
			dependencies = (
			);
			name = DOuYUaPP;
			productName = DOuYUaPP;
			productReference = B40184942705AB8A001D4442 /* DOuYUaPP.app */;
			productType = "com.apple.product-type.application";
		};
		B40184A92705AB8D001D4442 /* DOuYUaPPTests */ = {
			isa = PBXNativeTarget;
			buildConfigurationList = B40184C12705AB8E001D4442 /* Build configuration list for PBXNativeTarget "DOuYUaPPTests" */;
			buildPhases = (
				B40184A62705AB8D001D4442 /* Sources */,
				B40184A72705AB8D001D4442 /* Frameworks */,
				B40184A82705AB8D001D4442 /* Resources */,
			);
			buildRules = (
			);
			dependencies = (
				B40184AC2705AB8D001D4442 /* PBXTargetDependency */,
			);
			name = DOuYUaPPTests;
			productName = DOuYUaPPTests;
			productReference = B40184AA2705AB8D001D4442 /* DOuYUaPPTests.xctest */;
			productType = "com.apple.product-type.bundle.unit-test";
		};
		B40184B32705AB8D001D4442 /* DOuYUaPPUITests */ = {
			isa = PBXNativeTarget;
			buildConfigurationList = B40184C42705AB8E001D4442 /* Build configuration list for PBXNativeTarget "DOuYUaPPUITests" */;
			buildPhases = (
				B40184B02705AB8D001D4442 /* Sources */,
				B40184B12705AB8D001D4442 /* Frameworks */,
				B40184B22705AB8D001D4442 /* Resources */,
			);
			buildRules = (
			);
			dependencies = (
				B40184B62705AB8D001D4442 /* PBXTargetDependency */,
			);
			name = DOuYUaPPUITests;
			productName = DOuYUaPPUITests;
			productReference = B40184B42705AB8D001D4442 /* DOuYUaPPUITests.xctest */;
			productType = "com.apple.product-type.bundle.ui-testing";
		};
/* End PBXNativeTarget section */

/* Begin PBXProject section */
		B401848C2705AB8A001D4442 /* Project object */ = {
			isa = PBXProject;
			attributes = {
				BuildIndependentTargetsInParallel = 1;
				LastSwiftUpdateCheck = 1300;
				LastUpgradeCheck = 1300;
				TargetAttributes = {
					B40184932705AB8A001D4442 = {
						CreatedOnToolsVersion = 13.0;
					};
					B40184A92705AB8D001D4442 = {
						CreatedOnToolsVersion = 13.0;
						TestTargetID = B40184932705AB8A001D4442;
					};
					B40184B32705AB8D001D4442 = {
						CreatedOnToolsVersion = 13.0;
						TestTargetID = B40184932705AB8A001D4442;
					};
				};
			};
			buildConfigurationList = B401848F2705AB8A001D4442 /* Build configuration list for PBXProject "DOuYUaPP" */;
			compatibilityVersion = "Xcode 13.0";
			developmentRegion = en;
			hasScannedForEncodings = 0;
			knownRegions = (
				en,
				Base,
			);
			mainGroup = B401848B2705AB8A001D4442;
			productRefGroup = B40184952705AB8A001D4442 /* Products */;
			projectDirPath = "";
			projectRoot = "";
			targets = (
				B40184932705AB8A001D4442 /* DOuYUaPP */,
				B40184A92705AB8D001D4442 /* DOuYUaPPTests */,
				B40184B32705AB8D001D4442 /* DOuYUaPPUITests */,
			);
		};
/* End PBXProject section */

/* Begin PBXResourcesBuildPhase section */
		B40184922705AB8A001D4442 /* Resources */ = {
			isa = PBXResourcesBuildPhase;
			buildActionMask = 2147483647;
			files = (
				B40184A42705AB8D001D4442 /* LaunchScreen.storyboard in Resources */,
				B40184CD27080180001D4442 /* Home.storyboard in Resources */,
				B40184CB27080163001D4442 /* Living.storyboard in Resources */,
				B40184D02708019E001D4442 /* Focus.storyboard in Resources */,
				B40184D2270801B8001D4442 /* Mine.storyboard in Resources */,
				B40184A12705AB8D001D4442 /* Assets.xcassets in Resources */,
				B401849F2705AB8A001D4442 /* Main.storyboard in Resources */,
			);
			runOnlyForDeploymentPostprocessing = 0;
		};
		B40184A82705AB8D001D4442 /* Resources */ = {
			isa = PBXResourcesBuildPhase;
			buildActionMask = 2147483647;
			files = (
			);
			runOnlyForDeploymentPostprocessing = 0;
		};
		B40184B22705AB8D001D4442 /* Resources */ = {
			isa = PBXResourcesBuildPhase;
			buildActionMask = 2147483647;
			files = (
			);
			runOnlyForDeploymentPostprocessing = 0;
		};
/* End PBXResourcesBuildPhase section */

/* Begin PBXSourcesBuildPhase section */
		B40184902705AB8A001D4442 /* Sources */ = {
			isa = PBXSourcesBuildPhase;
			buildActionMask = 2147483647;
			files = (
				B401849C2705AB8A001D4442 /* ViewController.swift in Sources */,
				B40184982705AB8A001D4442 /* AppDelegate.swift in Sources */,
				B40184C82705BF48001D4442 /* SceneDelegate.swift in Sources */,
			);
			runOnlyForDeploymentPostprocessing = 0;
		};
		B40184A62705AB8D001D4442 /* Sources */ = {
			isa = PBXSourcesBuildPhase;
			buildActionMask = 2147483647;
			files = (
				B40184AF2705AB8D001D4442 /* DOuYUaPPTests.swift in Sources */,
			);
			runOnlyForDeploymentPostprocessing = 0;
		};
		B40184B02705AB8D001D4442 /* Sources */ = {
			isa = PBXSourcesBuildPhase;
			buildActionMask = 2147483647;
			files = (
				B40184BB2705AB8E001D4442 /* DOuYUaPPUITestsLaunchTests.swift in Sources */,
				B40184B92705AB8E001D4442 /* DOuYUaPPUITests.swift in Sources */,
			);
			runOnlyForDeploymentPostprocessing = 0;
		};
/* End PBXSourcesBuildPhase section */

/* Begin PBXTargetDependency section */
		B40184AC2705AB8D001D4442 /* PBXTargetDependency */ = {
			isa = PBXTargetDependency;
			target = B40184932705AB8A001D4442 /* DOuYUaPP */;
			targetProxy = B40184AB2705AB8D001D4442 /* PBXContainerItemProxy */;
		};
		B40184B62705AB8D001D4442 /* PBXTargetDependency */ = {
			isa = PBXTargetDependency;
			target = B40184932705AB8A001D4442 /* DOuYUaPP */;
			targetProxy = B40184B52705AB8D001D4442 /* PBXContainerItemProxy */;
		};
/* End PBXTargetDependency section */

/* Begin PBXVariantGroup section */
		B401849D2705AB8A001D4442 /* Main.storyboard */ = {
			isa = PBXVariantGroup;
			children = (
				B401849E2705AB8A001D4442 /* Base */,
			);
			name = Main.storyboard;
			sourceTree = "<group>";
		};
		B40184A22705AB8D001D4442 /* LaunchScreen.storyboard */ = {
			isa = PBXVariantGroup;
			children = (
				B40184A32705AB8D001D4442 /* Base */,
			);
			name = LaunchScreen.storyboard;
			sourceTree = "<group>";
		};
		B40184C927080163001D4442 /* Living.storyboard */ = {
			isa = PBXVariantGroup;
			children = (
				B40184CA27080163001D4442 /* Base */,
			);
			name = Living.storyboard;
			sourceTree = "<group>";
		};
		B40184CE2708019E001D4442 /* Focus.storyboard */ = {
			isa = PBXVariantGroup;
			children = (
				B40184CF2708019E001D4442 /* Base */,
			);
			name = Focus.storyboard;
			sourceTree = "<group>";
		};
/* End PBXVariantGroup section */

/* Begin XCBuildConfiguration section */
		B40184BC2705AB8E001D4442 /* Debug */ = {
			isa = XCBuildConfiguration;
			buildSettings = {
				ALWAYS_SEARCH_USER_PATHS = NO;
				CLANG_ANALYZER_NONNULL = YES;
				CLANG_ANALYZER_NUMBER_OBJECT_CONVERSION = YES_AGGRESSIVE;
				CLANG_CXX_LANGUAGE_STANDARD = "gnu++17";
				CLANG_CXX_LIBRARY = "libc++";
				CLANG_ENABLE_MODULES = YES;
				CLANG_ENABLE_OBJC_ARC = YES;
				CLANG_ENABLE_OBJC_WEAK = YES;
				CLANG_WARN_BLOCK_CAPTURE_AUTORELEASING = YES;
				CLANG_WARN_BOOL_CONVERSION = YES;
				CLANG_WARN_COMMA = YES;
				CLANG_WARN_CONSTANT_CONVERSION = YES;
				CLANG_WARN_DEPRECATED_OBJC_IMPLEMENTATIONS = YES;
				CLANG_WARN_DIRECT_OBJC_ISA_USAGE = YES_ERROR;
				CLANG_WARN_DOCUMENTATION_COMMENTS = YES;
				CLANG_WARN_EMPTY_BODY = YES;
				CLANG_WARN_ENUM_CONVERSION = YES;
				CLANG_WARN_INFINITE_RECURSION = YES;
				CLANG_WARN_INT_CONVERSION = YES;
				CLANG_WARN_NON_LITERAL_NULL_CONVERSION = YES;
				CLANG_WARN_OBJC_IMPLICIT_RETAIN_SELF = YES;
				CLANG_WARN_OBJC_LITERAL_CONVERSION = YES;
				CLANG_WARN_OBJC_ROOT_CLASS = YES_ERROR;
				CLANG_WARN_QUOTED_INCLUDE_IN_FRAMEWORK_HEADER = YES;
				CLANG_WARN_RANGE_LOOP_ANALYSIS = YES;
				CLANG_WARN_STRICT_PROTOTYPES = YES;
				CLANG_WARN_SUSPICIOUS_MOVE = YES;
				CLANG_WARN_UNGUARDED_AVAILABILITY = YES_AGGRESSIVE;
				CLANG_WARN_UNREACHABLE_CODE = YES;
				CLANG_WARN__DUPLICATE_METHOD_MATCH = YES;
				COPY_PHASE_STRIP = NO;
				DEBUG_INFORMATION_FORMAT = dwarf;
				ENABLE_STRICT_OBJC_MSGSEND = YES;
				ENABLE_TESTABILITY = YES;
				GCC_C_LANGUAGE_STANDARD = gnu11;
				GCC_DYNAMIC_NO_PIC = NO;
				GCC_NO_COMMON_BLOCKS = YES;
				GCC_OPTIMIZATION_LEVEL = 0;
				GCC_PREPROCESSOR_DEFINITIONS = (
					"DEBUG=1",
					"$(inherited)",
				);
				GCC_WARN_64_TO_32_BIT_CONVERSION = YES;
				GCC_WARN_ABOUT_RETURN_TYPE = YES_ERROR;
				GCC_WARN_UNDECLARED_SELECTOR = YES;
				GCC_WARN_UNINITIALIZED_AUTOS = YES_AGGRESSIVE;
				GCC_WARN_UNUSED_FUNCTION = YES;
				GCC_WARN_UNUSED_VARIABLE = YES;
				IPHONEOS_DEPLOYMENT_TARGET = 15.0;
				MTL_ENABLE_DEBUG_INFO = INCLUDE_SOURCE;
				MTL_FAST_MATH = YES;
				ONLY_ACTIVE_ARCH = YES;
				SDKROOT = iphoneos;
				SWIFT_ACTIVE_COMPILATION_CONDITIONS = DEBUG;
				SWIFT_OPTIMIZATION_LEVEL = "-Onone";
			};
			name = Debug;
		};
		B40184BD2705AB8E001D4442 /* Release */ = {
			isa = XCBuildConfiguration;
			buildSettings = {
				ALWAYS_SEARCH_USER_PATHS = NO;
				CLANG_ANALYZER_NONNULL = YES;
				CLANG_ANALYZER_NUMBER_OBJECT_CONVERSION = YES_AGGRESSIVE;
				CLANG_CXX_LANGUAGE_STANDARD = "gnu++17";
				CLANG_CXX_LIBRARY = "libc++";
				CLANG_ENABLE_MODULES = YES;
				CLANG_ENABLE_OBJC_ARC = YES;
				CLANG_ENABLE_OBJC_WEAK = YES;
				CLANG_WARN_BLOCK_CAPTURE_AUTORELEASING = YES;
				CLANG_WARN_BOOL_CONVERSION = YES;
				CLANG_WARN_COMMA = YES;
				CLANG_WARN_CONSTANT_CONVERSION = YES;
				CLANG_WARN_DEPRECATED_OBJC_IMPLEMENTATIONS = YES;
				CLANG_WARN_DIRECT_OBJC_ISA_USAGE = YES_ERROR;
				CLANG_WARN_DOCUMENTATION_COMMENTS = YES;
				CLANG_WARN_EMPTY_BODY = YES;
				CLANG_WARN_ENUM_CONVERSION = YES;
				CLANG_WARN_INFINITE_RECURSION = YES;
				CLANG_WARN_INT_CONVERSION = YES;
				CLANG_WARN_NON_LITERAL_NULL_CONVERSION = YES;
				CLANG_WARN_OBJC_IMPLICIT_RETAIN_SELF = YES;
				CLANG_WARN_OBJC_LITERAL_CONVERSION = YES;
				CLANG_WARN_OBJC_ROOT_CLASS = YES_ERROR;
				CLANG_WARN_QUOTED_INCLUDE_IN_FRAMEWORK_HEADER = YES;
				CLANG_WARN_RANGE_LOOP_ANALYSIS = YES;
				CLANG_WARN_STRICT_PROTOTYPES = YES;
				CLANG_WARN_SUSPICIOUS_MOVE = YES;
				CLANG_WARN_UNGUARDED_AVAILABILITY = YES_AGGRESSIVE;
				CLANG_WARN_UNREACHABLE_CODE = YES;
				CLANG_WARN__DUPLICATE_METHOD_MATCH = YES;
				COPY_PHASE_STRIP = NO;
				DEBUG_INFORMATION_FORMAT = "dwarf-with-dsym";
				ENABLE_NS_ASSERTIONS = NO;
				ENABLE_STRICT_OBJC_MSGSEND = YES;
				GCC_C_LANGUAGE_STANDARD = gnu11;
				GCC_NO_COMMON_BLOCKS = YES;
				GCC_WARN_64_TO_32_BIT_CONVERSION = YES;
				GCC_WARN_ABOUT_RETURN_TYPE = YES_ERROR;
				GCC_WARN_UNDECLARED_SELECTOR = YES;
				GCC_WARN_UNINITIALIZED_AUTOS = YES_AGGRESSIVE;
				GCC_WARN_UNUSED_FUNCTION = YES;
				GCC_WARN_UNUSED_VARIABLE = YES;
				IPHONEOS_DEPLOYMENT_TARGET = 15.0;
				MTL_ENABLE_DEBUG_INFO = NO;
				MTL_FAST_MATH = YES;
				SDKROOT = iphoneos;
				SWIFT_COMPILATION_MODE = wholemodule;
				SWIFT_OPTIMIZATION_LEVEL = "-O";
				VALIDATE_PRODUCT = YES;
			};
			name = Release;
		};
		B40184BF2705AB8E001D4442 /* Debug */ = {
			isa = XCBuildConfiguration;
			buildSettings = {
				ASSETCATALOG_COMPILER_APPICON_NAME = AppIcon;
				ASSETCATALOG_COMPILER_GLOBAL_ACCENT_COLOR_NAME = AccentColor;
				CODE_SIGN_STYLE = Automatic;
				CURRENT_PROJECT_VERSION = 1;
				GENERATE_INFOPLIST_FILE = YES;
				INFOPLIST_FILE = DOuYUaPP/Info.plist;
				INFOPLIST_KEY_UIApplicationSupportsIndirectInputEvents = YES;
				INFOPLIST_KEY_UISupportedInterfaceOrientations = UIInterfaceOrientationPortrait;
				INFOPLIST_KEY_UISupportedInterfaceOrientations_iPad = "UIInterfaceOrientationPortrait UIInterfaceOrientationPortraitUpsideDown UIInterfaceOrientationLandscapeLeft UIInterfaceOrientationLandscapeRight";
				INFOPLIST_KEY_UISupportedInterfaceOrientations_iPhone = "UIInterfaceOrientationPortrait UIInterfaceOrientationLandscapeLeft UIInterfaceOrientationLandscapeRight";
				LD_RUNPATH_SEARCH_PATHS = (
					"$(inherited)",
					"@executable_path/Frameworks",
				);
				MARKETING_VERSION = 1.0;
				PRODUCT_BUNDLE_IDENTIFIER = Tencent.DOuYUaPP;
				PRODUCT_NAME = "$(TARGET_NAME)";
				SWIFT_EMIT_LOC_STRINGS = YES;
				SWIFT_VERSION = 5.0;
				TARGETED_DEVICE_FAMILY = "1,2";
			};
			name = Debug;
		};
		B40184C02705AB8E001D4442 /* Release */ = {
			isa = XCBuildConfiguration;
			buildSettings = {
				ASSETCATALOG_COMPILER_APPICON_NAME = AppIcon;
				ASSETCATALOG_COMPILER_GLOBAL_ACCENT_COLOR_NAME = AccentColor;
				CODE_SIGN_STYLE = Automatic;
				CURRENT_PROJECT_VERSION = 1;
				GENERATE_INFOPLIST_FILE = YES;
				INFOPLIST_FILE = DOuYUaPP/Info.plist;
				INFOPLIST_KEY_UIApplicationSupportsIndirectInputEvents = YES;
				INFOPLIST_KEY_UISupportedInterfaceOrientations = UIInterfaceOrientationPortrait;
				INFOPLIST_KEY_UISupportedInterfaceOrientations_iPad = "UIInterfaceOrientationPortrait UIInterfaceOrientationPortraitUpsideDown UIInterfaceOrientationLandscapeLeft UIInterfaceOrientationLandscapeRight";
				INFOPLIST_KEY_UISupportedInterfaceOrientations_iPhone = "UIInterfaceOrientationPortrait UIInterfaceOrientationLandscapeLeft UIInterfaceOrientationLandscapeRight";
				LD_RUNPATH_SEARCH_PATHS = (
					"$(inherited)",
					"@executable_path/Frameworks",
				);
				MARKETING_VERSION = 1.0;
				PRODUCT_BUNDLE_IDENTIFIER = Tencent.DOuYUaPP;
				PRODUCT_NAME = "$(TARGET_NAME)";
				SWIFT_EMIT_LOC_STRINGS = YES;
				SWIFT_VERSION = 5.0;
				TARGETED_DEVICE_FAMILY = "1,2";
			};
			name = Release;
		};
		B40184C22705AB8E001D4442 /* Debug */ = {
			isa = XCBuildConfiguration;
			buildSettings = {
				ALWAYS_EMBED_SWIFT_STANDARD_LIBRARIES = YES;
				BUNDLE_LOADER = "$(TEST_HOST)";
				CODE_SIGN_STYLE = Automatic;
				CURRENT_PROJECT_VERSION = 1;
				GENERATE_INFOPLIST_FILE = YES;
				IPHONEOS_DEPLOYMENT_TARGET = 15.0;
				LD_RUNPATH_SEARCH_PATHS = (
					"$(inherited)",
					"@executable_path/Frameworks",
					"@loader_path/Frameworks",
				);
				MARKETING_VERSION = 1.0;
				PRODUCT_BUNDLE_IDENTIFIER = Tencent.DOuYUaPPTests;
				PRODUCT_NAME = "$(TARGET_NAME)";
				SWIFT_EMIT_LOC_STRINGS = NO;
				SWIFT_VERSION = 5.0;
				TARGETED_DEVICE_FAMILY = "1,2";
				TEST_HOST = "$(BUILT_PRODUCTS_DIR)/DOuYUaPP.app/DOuYUaPP";
			};
			name = Debug;
		};
		B40184C32705AB8E001D4442 /* Release */ = {
			isa = XCBuildConfiguration;
			buildSettings = {
				ALWAYS_EMBED_SWIFT_STANDARD_LIBRARIES = YES;
				BUNDLE_LOADER = "$(TEST_HOST)";
				CODE_SIGN_STYLE = Automatic;
				CURRENT_PROJECT_VERSION = 1;
				GENERATE_INFOPLIST_FILE = YES;
				IPHONEOS_DEPLOYMENT_TARGET = 15.0;
				LD_RUNPATH_SEARCH_PATHS = (
					"$(inherited)",
					"@executable_path/Frameworks",
					"@loader_path/Frameworks",
				);
				MARKETING_VERSION = 1.0;
				PRODUCT_BUNDLE_IDENTIFIER = Tencent.DOuYUaPPTests;
				PRODUCT_NAME = "$(TARGET_NAME)";
				SWIFT_EMIT_LOC_STRINGS = NO;
				SWIFT_VERSION = 5.0;
				TARGETED_DEVICE_FAMILY = "1,2";
				TEST_HOST = "$(BUILT_PRODUCTS_DIR)/DOuYUaPP.app/DOuYUaPP";
			};
			name = Release;
		};
		B40184C52705AB8E001D4442 /* Debug */ = {
			isa = XCBuildConfiguration;
			buildSettings = {
				ALWAYS_EMBED_SWIFT_STANDARD_LIBRARIES = YES;
				CODE_SIGN_STYLE = Automatic;
				CURRENT_PROJECT_VERSION = 1;
				GENERATE_INFOPLIST_FILE = YES;
				LD_RUNPATH_SEARCH_PATHS = (
					"$(inherited)",
					"@executable_path/Frameworks",
					"@loader_path/Frameworks",
				);
				MARKETING_VERSION = 1.0;
				PRODUCT_BUNDLE_IDENTIFIER = Tencent.DOuYUaPPUITests;
				PRODUCT_NAME = "$(TARGET_NAME)";
				SWIFT_EMIT_LOC_STRINGS = NO;
				SWIFT_VERSION = 5.0;
				TARGETED_DEVICE_FAMILY = "1,2";
				TEST_TARGET_NAME = DOuYUaPP;
			};
			name = Debug;
		};
		B40184C62705AB8E001D4442 /* Release */ = {
			isa = XCBuildConfiguration;
			buildSettings = {
				ALWAYS_EMBED_SWIFT_STANDARD_LIBRARIES = YES;
				CODE_SIGN_STYLE = Automatic;
				CURRENT_PROJECT_VERSION = 1;
				GENERATE_INFOPLIST_FILE = YES;
				LD_RUNPATH_SEARCH_PATHS = (
					"$(inherited)",
					"@executable_path/Frameworks",
					"@loader_path/Frameworks",
				);
				MARKETING_VERSION = 1.0;
				PRODUCT_BUNDLE_IDENTIFIER = Tencent.DOuYUaPPUITests;
				PRODUCT_NAME = "$(TARGET_NAME)";
				SWIFT_EMIT_LOC_STRINGS = NO;
				SWIFT_VERSION = 5.0;
				TARGETED_DEVICE_FAMILY = "1,2";
				TEST_TARGET_NAME = DOuYUaPP;
			};
			name = Release;
		};
/* End XCBuildConfiguration section */

/* Begin XCConfigurationList section */
		B401848F2705AB8A001D4442 /* Build configuration list for PBXProject "DOuYUaPP" */ = {
			isa = XCConfigurationList;
			buildConfigurations = (
				B40184BC2705AB8E001D4442 /* Debug */,
				B40184BD2705AB8E001D4442 /* Release */,
			);
			defaultConfigurationIsVisible = 0;
			defaultConfigurationName = Release;
		};
		B40184BE2705AB8E001D4442 /* Build configuration list for PBXNativeTarget "DOuYUaPP" */ = {
			isa = XCConfigurationList;
			buildConfigurations = (
				B40184BF2705AB8E001D4442 /* Debug */,
				B40184C02705AB8E001D4442 /* Release */,
			);
			defaultConfigurationIsVisible = 0;
			defaultConfigurationName = Release;
		};
		B40184C12705AB8E001D4442 /* Build configuration list for PBXNativeTarget "DOuYUaPPTests" */ = {
			isa = XCConfigurationList;
			buildConfigurations = (
				B40184C22705AB8E001D4442 /* Debug */,
				B40184C32705AB8E001D4442 /* Release */,
			);
			defaultConfigurationIsVisible = 0;
			defaultConfigurationName = Release;
		};
		B40184C42705AB8E001D4442 /* Build configuration list for PBXNativeTarget "DOuYUaPPUITests" */ = {
			isa = XCConfigurationList;
			buildConfigurations = (
				B40184C52705AB8E001D4442 /* Debug */,
				B40184C62705AB8E001D4442 /* Release */,
			);
			defaultConfigurationIsVisible = 0;
			defaultConfigurationName = Release;
		};
/* End XCConfigurationList section */
	};
	rootObject = B401848C2705AB8A001D4442 /* Project object */;
}
